
Microsoft Visual Studio Solution File, Format Version 12.00
# Visual Studio Version 17
VisualStudioVersion = 17.2.32616.157
MinimumVisualStudioVersion = 10.0.40219.1
Project("{9A19103F-16F7-4668-BE54-9A1E7A4F7556}") = "1-HelloWorld", "1-HelloWorld\1-HelloWorld.csproj", "{E64D6A86-6AE5-421E-BF94-3829A5883461}"
EndProject
Project("{FAE04EC0-301F-11D3-BF4B-00C04F79EFBC}") = "2-CriandoVariaveis", "2-CriandoVariaveis\2-CriandoVariaveis.csproj", "{C4098C52-FC60-4841-B941-4B02FE505448}"
EndProject
Project("{FAE04EC0-301F-11D3-BF4B-00C04F79EFBC}") = "3-CastsDeVariaveis", "3-CastsDeVariaveis\3-CastsDeVariaveis.csproj", "{F83D5212-A866-4E20-8331-40235668ED62}"
EndProject
Project("{FAE04EC0-301F-11D3-BF4B-00C04F79EFBC}") = "4-Caracteres", "4-Caracteres\4-Caracteres.csproj", "{20B8C934-6C10-42B9-89FD-48EABBF48CD0}"
EndProject
Project("{FAE04EC0-301F-11D3-BF4B-00C04F79EFBC}") = "5-Condicionais", "5-Condicionais\5-Condicionais.csproj", "{95C6EDE8-C356-4B6A-9678-B7291315B9A2}"
EndProject
Global
	GlobalSection(SolutionConfigurationPlatforms) = preSolution
		Debug|Any CPU = Debug|Any CPU
		Release|Any CPU = Release|Any CPU
	EndGlobalSection
	GlobalSection(ProjectConfigurationPlatforms) = postSolution
		{E64D6A86-6AE5-421E-BF94-3829A5883461}.Debug|Any CPU.ActiveCfg = Debug|Any CPU
		{E64D6A86-6AE5-421E-BF94-3829A5883461}.Debug|Any CPU.Build.0 = Debug|Any CPU
		{E64D6A86-6AE5-421E-BF94-3829A5883461}.Release|Any CPU.ActiveCfg = Release|Any CPU
		{E64D6A86-6AE5-421E-BF94-3829A5883461}.Release|Any CPU.Build.0 = Release|Any CPU
		{C4098C52-FC60-4841-B941-4B02FE505448}.Debug|Any CPU.ActiveCfg = Debug|Any CPU
		{C4098C52-FC60-4841-B941-4B02FE505448}.Debug|Any CPU.Build.0 = Debug|Any CPU
		{C4098C52-FC60-4841-B941-4B02FE505448}.Release|Any CPU.ActiveCfg = Release|Any CPU
		{C4098C52-FC60-4841-B941-4B02FE505448}.Release|Any CPU.Build.0 = Release|Any CPU
		{F83D5212-A866-4E20-8331-40235668ED62}.Debug|Any CPU.ActiveCfg = Debug|Any CPU
		{F83D5212-A866-4E20-8331-40235668ED62}.Debug|Any CPU.Build.0 = Debug|Any CPU
		{F83D5212-A866-4E20-8331-40235668ED62}.Release|Any CPU.ActiveCfg = Release|Any CPU
		{F83D5212-A866-4E20-8331-40235668ED62}.Release|Any CPU.Build.0 = Release|Any CPU
		{20B8C934-6C10-42B9-89FD-48EABBF48CD0}.Debug|Any CPU.ActiveCfg = Debug|Any CPU
		{20B8C934-6C10-42B9-89FD-48EABBF48CD0}.Debug|Any CPU.Build.0 = Debug|Any CPU
		{20B8C934-6C10-42B9-89FD-48EABBF48CD0}.Release|Any CPU.ActiveCfg = Release|Any CPU
		{20B8C934-6C10-42B9-89FD-48EABBF48CD0}.Release|Any CPU.Build.0 = Release|Any CPU
		{95C6EDE8-C356-4B6A-9678-B7291315B9A2}.Debug|Any CPU.ActiveCfg = Debug|Any CPU
		{95C6EDE8-C356-4B6A-9678-B7291315B9A2}.Debug|Any CPU.Build.0 = Debug|Any CPU
		{95C6EDE8-C356-4B6A-9678-B7291315B9A2}.Release|Any CPU.ActiveCfg = Release|Any CPU
		{95C6EDE8-C356-4B6A-9678-B7291315B9A2}.Release|Any CPU.Build.0 = Release|Any CPU
	EndGlobalSection
	GlobalSection(SolutionProperties) = preSolution
		HideSolutionNode = FALSE
	EndGlobalSection
	GlobalSection(ExtensibilityGlobals) = postSolution
		SolutionGuid = {82E31E90-98C2-41FD-8AA1-724E71F686E8}
	EndGlobalSection
EndGlobal
